// !$*UTF8*$!
{
	archiveVersion = 1;
	classes = {
	};
	objectVersion = 56;
	objects = {

/* Begin PBXBuildFile section */
		53D9FB402C036C7B00F5B6AC /* quickyquickyApp.swift in Sources */ = {isa = PBXBuildFile; fileRef = 53D9FB3F2C036C7B00F5B6AC /* quickyquickyApp.swift */; };
		53D9FB422C036C7B00F5B6AC /* GameView.swift in Sources */ = {isa = PBXBuildFile; fileRef = 53D9FB412C036C7B00F5B6AC /* GameView.swift */; };
		53D9FB442C036C7C00F5B6AC /* Assets.xcassets in Resources */ = {isa = PBXBuildFile; fileRef = 53D9FB432C036C7C00F5B6AC /* Assets.xcassets */; };
		53D9FB472C036C7C00F5B6AC /* Preview Assets.xcassets in Resources */ = {isa = PBXBuildFile; fileRef = 53D9FB462C036C7C00F5B6AC /* Preview Assets.xcassets */; };
		53D9FB502C03705A00F5B6AC /* Subsequence.swift in Sources */ = {isa = PBXBuildFile; fileRef = 53D9FB4F2C03705A00F5B6AC /* Subsequence.swift */; };
		53D9FB522C03709900F5B6AC /* Matrix.swift in Sources */ = {isa = PBXBuildFile; fileRef = 53D9FB512C03709900F5B6AC /* Matrix.swift */; };
		53D9FB542C0373BC00F5B6AC /* NumberModifier.swift in Sources */ = {isa = PBXBuildFile; fileRef = 53D9FB532C0373BC00F5B6AC /* NumberModifier.swift */; };
		53D9FB562C0375CE00F5B6AC /* Number.swift in Sources */ = {isa = PBXBuildFile; fileRef = 53D9FB552C0375CE00F5B6AC /* Number.swift */; };
/* End PBXBuildFile section */

/* Begin PBXFileReference section */
		53D9FB3C2C036C7B00F5B6AC /* quickyquicky.app */ = {isa = PBXFileReference; explicitFileType = wrapper.application; includeInIndex = 0; path = quickyquicky.app; sourceTree = BUILT_PRODUCTS_DIR; };
		53D9FB3F2C036C7B00F5B6AC /* quickyquickyApp.swift */ = {isa = PBXFileReference; lastKnownFileType = sourcecode.swift; path = quickyquickyApp.swift; sourceTree = "<group>"; };
		53D9FB412C036C7B00F5B6AC /* GameView.swift */ = {isa = PBXFileReference; lastKnownFileType = sourcecode.swift; path = GameView.swift; sourceTree = "<group>"; };
		53D9FB432C036C7C00F5B6AC /* Assets.xcassets */ = {isa = PBXFileReference; lastKnownFileType = folder.assetcatalog; path = Assets.xcassets; sourceTree = "<group>"; };
		53D9FB462C036C7C00F5B6AC /* Preview Assets.xcassets */ = {isa = PBXFileReference; lastKnownFileType = folder.assetcatalog; path = "Preview Assets.xcassets"; sourceTree = "<group>"; };
		53D9FB4F2C03705A00F5B6AC /* Subsequence.swift */ = {isa = PBXFileReference; lastKnownFileType = sourcecode.swift; path = Subsequence.swift; sourceTree = "<group>"; };
		53D9FB512C03709900F5B6AC /* Matrix.swift */ = {isa = PBXFileReference; lastKnownFileType = sourcecode.swift; path = Matrix.swift; sourceTree = "<group>"; };
		53D9FB532C0373BC00F5B6AC /* NumberModifier.swift */ = {isa = PBXFileReference; lastKnownFileType = sourcecode.swift; path = NumberModifier.swift; sourceTree = "<group>"; };
		53D9FB552C0375CE00F5B6AC /* Number.swift */ = {isa = PBXFileReference; lastKnownFileType = sourcecode.swift; path = Number.swift; sourceTree = "<group>"; };
/* End PBXFileReference section */

/* Begin PBXFrameworksBuildPhase section */
		53D9FB392C036C7B00F5B6AC /* Frameworks */ = {
			isa = PBXFrameworksBuildPhase;
			buildActionMask = 2147483647;
			files = (
			);
			runOnlyForDeploymentPostprocessing = 0;
		};
/* End PBXFrameworksBuildPhase section */

/* Begin PBXGroup section */
		53D9FB332C036C7B00F5B6AC = {
			isa = PBXGroup;
			children = (
				53D9FB3E2C036C7B00F5B6AC /* quickyquicky */,
				53D9FB3D2C036C7B00F5B6AC /* Products */,
			);
			sourceTree = "<group>";
		};
		53D9FB3D2C036C7B00F5B6AC /* Products */ = {
			isa = PBXGroup;
			children = (
				53D9FB3C2C036C7B00F5B6AC /* quickyquicky.app */,
			);
			name = Products;
			sourceTree = "<group>";
		};
		53D9FB3E2C036C7B00F5B6AC /* quickyquicky */ = {
			isa = PBXGroup;
			children = (
				53D9FB3F2C036C7B00F5B6AC /* quickyquickyApp.swift */,
				53D9FB412C036C7B00F5B6AC /* GameView.swift */,
				53D9FB432C036C7C00F5B6AC /* Assets.xcassets */,
				53D9FB452C036C7C00F5B6AC /* Preview Content */,
				53D9FB4F2C03705A00F5B6AC /* Subsequence.swift */,
				53D9FB512C03709900F5B6AC /* Matrix.swift */,
				53D9FB532C0373BC00F5B6AC /* NumberModifier.swift */,
				53D9FB552C0375CE00F5B6AC /* Number.swift */,
			);
			path = quickyquicky;
			sourceTree = "<group>";
		};
		53D9FB452C036C7C00F5B6AC /* Preview Content */ = {
			isa = PBXGroup;
			children = (
				53D9FB462C036C7C00F5B6AC /* Preview Assets.xcassets */,
			);
			path = "Preview Content";
			sourceTree = "<group>";
		};
/* End PBXGroup section */

/* Begin PBXNativeTarget section */
		53D9FB3B2C036C7B00F5B6AC /* quickyquicky */ = {
			isa = PBXNativeTarget;
			buildConfigurationList = 53D9FB4A2C036C7C00F5B6AC /* Build configuration list for PBXNativeTarget "quickyquicky" */;
			buildPhases = (
				53D9FB382C036C7B00F5B6AC /* Sources */,
				53D9FB392C036C7B00F5B6AC /* Frameworks */,
				53D9FB3A2C036C7B00F5B6AC /* Resources */,
			);
			buildRules = (
			);
			dependencies = (
			);
			name = quickyquicky;
			productName = quickyquicky;
			productReference = 53D9FB3C2C036C7B00F5B6AC /* quickyquicky.app */;
			productType = "com.apple.product-type.application";
		};
/* End PBXNativeTarget section */

/* Begin PBXProject section */
		53D9FB342C036C7B00F5B6AC /* Project object */ = {
			isa = PBXProject;
			attributes = {
				BuildIndependentTargetsInParallel = 1;
				LastSwiftUpdateCheck = 1520;
				LastUpgradeCheck = 1520;
				TargetAttributes = {
					53D9FB3B2C036C7B00F5B6AC = {
						CreatedOnToolsVersion = 15.2;
					};
				};
			};
			buildConfigurationList = 53D9FB372C036C7B00F5B6AC /* Build configuration list for PBXProject "quickyquicky" */;
			compatibilityVersion = "Xcode 14.0";
			developmentRegion = en;
			hasScannedForEncodings = 0;
			knownRegions = (
				en,
				Base,
			);
			mainGroup = 53D9FB332C036C7B00F5B6AC;
			productRefGroup = 53D9FB3D2C036C7B00F5B6AC /* Products */;
			projectDirPath = "";
			projectRoot = "";
			targets = (
				53D9FB3B2C036C7B00F5B6AC /* quickyquicky */,
			);
		};
/* End PBXProject section */

/* Begin PBXResourcesBuildPhase section */
		53D9FB3A2C036C7B00F5B6AC /* Resources */ = {
			isa = PBXResourcesBuildPhase;
			buildActionMask = 2147483647;
			files = (
				53D9FB472C036C7C00F5B6AC /* Preview Assets.xcassets in Resources */,
				53D9FB442C036C7C00F5B6AC /* Assets.xcassets in Resources */,
			);
			runOnlyForDeploymentPostprocessing = 0;
		};
/* End PBXResourcesBuildPhase section */

/* Begin PBXSourcesBuildPhase section */
		53D9FB382C036C7B00F5B6AC /* Sources */ = {
			isa = PBXSourcesBuildPhase;
			buildActionMask = 2147483647;
			files = (
				53D9FB522C03709900F5B6AC /* Matrix.swift in Sources */,
				53D9FB422C036C7B00F5B6AC /* GameView.swift in Sources */,
				53D9FB562C0375CE00F5B6AC /* Number.swift in Sources */,
				53D9FB402C036C7B00F5B6AC /* quickyquickyApp.swift in Sources */,
				53D9FB542C0373BC00F5B6AC /* NumberModifier.swift in Sources */,
				53D9FB502C03705A00F5B6AC /* Subsequence.swift in Sources */,
			);
			runOnlyForDeploymentPostprocessing = 0;
		};
/* End PBXSourcesBuildPhase section */

/* Begin XCBuildConfiguration section */
		53D9FB482C036C7C00F5B6AC /* Debug */ = {
			isa = XCBuildConfiguration;
			buildSettings = {
				ALWAYS_SEARCH_USER_PATHS = NO;
				ASSETCATALOG_COMPILER_GENERATE_SWIFT_ASSET_SYMBOL_EXTENSIONS = YES;
				CLANG_ANALYZER_NONNULL = YES;
				CLANG_ANALYZER_NUMBER_OBJECT_CONVERSION = YES_AGGRESSIVE;
				CLANG_CXX_LANGUAGE_STANDARD = "gnu++20";
				CLANG_ENABLE_MODULES = YES;
				CLANG_ENABLE_OBJC_ARC = YES;
				CLANG_ENABLE_OBJC_WEAK = YES;
				CLANG_WARN_BLOCK_CAPTURE_AUTORELEASING = YES;
				CLANG_WARN_BOOL_CONVERSION = YES;
				CLANG_WARN_COMMA = YES;
				CLANG_WARN_CONSTANT_CONVERSION = YES;
				CLANG_WARN_DEPRECATED_OBJC_IMPLEMENTATIONS = YES;
				CLANG_WARN_DIRECT_OBJC_ISA_USAGE = YES_ERROR;
				CLANG_WARN_DOCUMENTATION_COMMENTS = YES;
				CLANG_WARN_EMPTY_BODY = YES;
				CLANG_WARN_ENUM_CONVERSION = YES;
				CLANG_WARN_INFINITE_RECURSION = YES;
				CLANG_WARN_INT_CONVERSION = YES;
				CLANG_WARN_NON_LITERAL_NULL_CONVERSION = YES;
				CLANG_WARN_OBJC_IMPLICIT_RETAIN_SELF = YES;
				CLANG_WARN_OBJC_LITERAL_CONVERSION = YES;
				CLANG_WARN_OBJC_ROOT_CLASS = YES_ERROR;
				CLANG_WARN_QUOTED_INCLUDE_IN_FRAMEWORK_HEADER = YES;
				CLANG_WARN_RANGE_LOOP_ANALYSIS = YES;
				CLANG_WARN_STRICT_PROTOTYPES = YES;
				CLANG_WARN_SUSPICIOUS_MOVE = YES;
				CLANG_WARN_UNGUARDED_AVAILABILITY = YES_AGGRESSIVE;
				CLANG_WARN_UNREACHABLE_CODE = YES;
				CLANG_WARN__DUPLICATE_METHOD_MATCH = YES;
				COPY_PHASE_STRIP = NO;
				DEBUG_INFORMATION_FORMAT = dwarf;
				ENABLE_STRICT_OBJC_MSGSEND = YES;
				ENABLE_TESTABILITY = YES;
				ENABLE_USER_SCRIPT_SANDBOXING = YES;
				GCC_C_LANGUAGE_STANDARD = gnu17;
				GCC_DYNAMIC_NO_PIC = NO;
				GCC_NO_COMMON_BLOCKS = YES;
				GCC_OPTIMIZATION_LEVEL = 0;
				GCC_PREPROCESSOR_DEFINITIONS = (
					"DEBUG=1",
					"$(inherited)",
				);
				GCC_WARN_64_TO_32_BIT_CONVERSION = YES;
				GCC_WARN_ABOUT_RETURN_TYPE = YES_ERROR;
				GCC_WARN_UNDECLARED_SELECTOR = YES;
				GCC_WARN_UNINITIALIZED_AUTOS = YES_AGGRESSIVE;
				GCC_WARN_UNUSED_FUNCTION = YES;
				GCC_WARN_UNUSED_VARIABLE = YES;
				IPHONEOS_DEPLOYMENT_TARGET = 17.2;
				LOCALIZATION_PREFERS_STRING_CATALOGS = YES;
				MTL_ENABLE_DEBUG_INFO = INCLUDE_SOURCE;
				MTL_FAST_MATH = YES;
				ONLY_ACTIVE_ARCH = YES;
				SDKROOT = iphoneos;
				SWIFT_ACTIVE_COMPILATION_CONDITIONS = "DEBUG $(inherited)";
				SWIFT_OPTIMIZATION_LEVEL = "-Onone";
			};
			name = Debug;
		};
		53D9FB492C036C7C00F5B6AC /* Release */ = {
			isa = XCBuildConfiguration;
			buildSettings = {
				ALWAYS_SEARCH_USER_PATHS = NO;
				ASSETCATALOG_COMPILER_GENERATE_SWIFT_ASSET_SYMBOL_EXTENSIONS = YES;
				CLANG_ANALYZER_NONNULL = YES;
				CLANG_ANALYZER_NUMBER_OBJECT_CONVERSION = YES_AGGRESSIVE;
				CLANG_CXX_LANGUAGE_STANDARD = "gnu++20";
				CLANG_ENABLE_MODULES = YES;
				CLANG_ENABLE_OBJC_ARC = YES;
				CLANG_ENABLE_OBJC_WEAK = YES;
				CLANG_WARN_BLOCK_CAPTURE_AUTORELEASING = YES;
				CLANG_WARN_BOOL_CONVERSION = YES;
				CLANG_WARN_COMMA = YES;
				CLANG_WARN_CONSTANT_CONVERSION = YES;
				CLANG_WARN_DEPRECATED_OBJC_IMPLEMENTATIONS = YES;
				CLANG_WARN_DIRECT_OBJC_ISA_USAGE = YES_ERROR;
				CLANG_WARN_DOCUMENTATION_COMMENTS = YES;
				CLANG_WARN_EMPTY_BODY = YES;
				CLANG_WARN_ENUM_CONVERSION = YES;
				CLANG_WARN_INFINITE_RECURSION = YES;
				CLANG_WARN_INT_CONVERSION = YES;
				CLANG_WARN_NON_LITERAL_NULL_CONVERSION = YES;
				CLANG_WARN_OBJC_IMPLICIT_RETAIN_SELF = YES;
				CLANG_WARN_OBJC_LITERAL_CONVERSION = YES;
				CLANG_WARN_OBJC_ROOT_CLASS = YES_ERROR;
				CLANG_WARN_QUOTED_INCLUDE_IN_FRAMEWORK_HEADER = YES;
				CLANG_WARN_RANGE_LOOP_ANALYSIS = YES;
				CLANG_WARN_STRICT_PROTOTYPES = YES;
				CLANG_WARN_SUSPICIOUS_MOVE = YES;
				CLANG_WARN_UNGUARDED_AVAILABILITY = YES_AGGRESSIVE;
				CLANG_WARN_UNREACHABLE_CODE = YES;
				CLANG_WARN__DUPLICATE_METHOD_MATCH = YES;
				COPY_PHASE_STRIP = NO;
				DEBUG_INFORMATION_FORMAT = "dwarf-with-dsym";
				ENABLE_NS_ASSERTIONS = NO;
				ENABLE_STRICT_OBJC_MSGSEND = YES;
				ENABLE_USER_SCRIPT_SANDBOXING = YES;
				GCC_C_LANGUAGE_STANDARD = gnu17;
				GCC_NO_COMMON_BLOCKS = YES;
				GCC_WARN_64_TO_32_BIT_CONVERSION = YES;
				GCC_WARN_ABOUT_RETURN_TYPE = YES_ERROR;
				GCC_WARN_UNDECLARED_SELECTOR = YES;
				GCC_WARN_UNINITIALIZED_AUTOS = YES_AGGRESSIVE;
				GCC_WARN_UNUSED_FUNCTION = YES;
				GCC_WARN_UNUSED_VARIABLE = YES;
				IPHONEOS_DEPLOYMENT_TARGET = 17.2;
				LOCALIZATION_PREFERS_STRING_CATALOGS = YES;
				MTL_ENABLE_DEBUG_INFO = NO;
				MTL_FAST_MATH = YES;
				SDKROOT = iphoneos;
				SWIFT_COMPILATION_MODE = wholemodule;
				VALIDATE_PRODUCT = YES;
			};
			name = Release;
		};
		53D9FB4B2C036C7C00F5B6AC /* Debug */ = {
			isa = XCBuildConfiguration;
			buildSettings = {
				ASSETCATALOG_COMPILER_APPICON_NAME = AppIcon;
				ASSETCATALOG_COMPILER_GLOBAL_ACCENT_COLOR_NAME = AccentColor;
				CODE_SIGN_STYLE = Automatic;
				CURRENT_PROJECT_VERSION = 1;
				DEVELOPMENT_ASSET_PATHS = "\"quickyquicky/Preview Content\"";
				DEVELOPMENT_TEAM = KKGMGFZ85J;
				ENABLE_PREVIEWS = YES;
				GENERATE_INFOPLIST_FILE = YES;
				INFOPLIST_KEY_LSApplicationCategoryType = "";
				INFOPLIST_KEY_UIApplicationSceneManifest_Generation = YES;
				INFOPLIST_KEY_UIApplicationSupportsIndirectInputEvents = YES;
				INFOPLIST_KEY_UILaunchScreen_Generation = YES;
				INFOPLIST_KEY_UISupportedInterfaceOrientations_iPad = "UIInterfaceOrientationPortrait UIInterfaceOrientationPortraitUpsideDown UIInterfaceOrientationLandscapeLeft UIInterfaceOrientationLandscapeRight";
				INFOPLIST_KEY_UISupportedInterfaceOrientations_iPhone = "UIInterfaceOrientationPortrait UIInterfaceOrientationLandscapeLeft UIInterfaceOrientationLandscapeRight";
				INFOPLIST_KEY_UIUserInterfaceStyle = Light;
				LD_RUNPATH_SEARCH_PATHS = (
					"$(inherited)",
					"@executable_path/Frameworks",
				);
				MARKETING_VERSION = 1.0;
				PRODUCT_BUNDLE_IDENTIFIER = ru.chatan.quickyquicky;
				PRODUCT_NAME = "$(TARGET_NAME)";
				SWIFT_EMIT_LOC_STRINGS = YES;
				SWIFT_VERSION = 5.0;
				TARGETED_DEVICE_FAMILY = "1,2";
			};
			name = Debug;
		};
		53D9FB4C2C036C7C00F5B6AC /* Release */ = {
			isa = XCBuildConfiguration;
			buildSettings = {
				ASSETCATALOG_COMPILER_APPICON_NAME = AppIcon;
				ASSETCATALOG_COMPILER_GLOBAL_ACCENT_COLOR_NAME = AccentColor;
				CODE_SIGN_STYLE = Automatic;
				CURRENT_PROJECT_VERSION = 1;
				DEVELOPMENT_ASSET_PATHS = "\"quickyquicky/Preview Content\"";
				DEVELOPMENT_TEAM = KKGMGFZ85J;
				ENABLE_PREVIEWS = YES;
				GENERATE_INFOPLIST_FILE = YES;
				INFOPLIST_KEY_LSApplicationCategoryType = "";
				INFOPLIST_KEY_UIApplicationSceneManifest_Generation = YES;
				INFOPLIST_KEY_UIApplicationSupportsIndirectInputEvents = YES;
				INFOPLIST_KEY_UILaunchScreen_Generation = YES;
				INFOPLIST_KEY_UISupportedInterfaceOrientations_iPad = "UIInterfaceOrientationPortrait UIInterfaceOrientationPortraitUpsideDown UIInterfaceOrientationLandscapeLeft UIInterfaceOrientationLandscapeRight";
				INFOPLIST_KEY_UISupportedInterfaceOrientations_iPhone = "UIInterfaceOrientationPortrait UIInterfaceOrientationLandscapeLeft UIInterfaceOrientationLandscapeRight";
				INFOPLIST_KEY_UIUserInterfaceStyle = Light;
				LD_RUNPATH_SEARCH_PATHS = (
					"$(inherited)",
					"@executable_path/Frameworks",
				);
				MARKETING_VERSION = 1.0;
				PRODUCT_BUNDLE_IDENTIFIER = ru.chatan.quickyquicky;
				PRODUCT_NAME = "$(TARGET_NAME)";
				SWIFT_EMIT_LOC_STRINGS = YES;
				SWIFT_VERSION = 5.0;
				TARGETED_DEVICE_FAMILY = "1,2";
			};
			name = Release;
		};
/* End XCBuildConfiguration section */

/* Begin XCConfigurationList section */
		53D9FB372C036C7B00F5B6AC /* Build configuration list for PBXProject "quickyquicky" */ = {
			isa = XCConfigurationList;
			buildConfigurations = (
				53D9FB482C036C7C00F5B6AC /* Debug */,
				53D9FB492C036C7C00F5B6AC /* Release */,
			);
			defaultConfigurationIsVisible = 0;
			defaultConfigurationName = Release;
		};
		53D9FB4A2C036C7C00F5B6AC /* Build configuration list for PBXNativeTarget "quickyquicky" */ = {
			isa = XCConfigurationList;
			buildConfigurations = (
				53D9FB4B2C036C7C00F5B6AC /* Debug */,
				53D9FB4C2C036C7C00F5B6AC /* Release */,
			);
			defaultConfigurationIsVisible = 0;
			defaultConfigurationName = Release;
		};
/* End XCConfigurationList section */
	};
	rootObject = 53D9FB342C036C7B00F5B6AC /* Project object */;
}
